
Microsoft Visual Studio Solution File, Format Version 12.00
# Visual Studio 15
VisualStudioVersion = 15.0.27130.2003
MinimumVisualStudioVersion = 10.0.40219.1
Project("{FAE04EC0-301F-11D3-BF4B-00C04F79EFBC}") = "sus", "sus\sus.csproj", "{7609F453-529C-4C9D-9D0A-5389B97CFC93}"
EndProject
Global
	GlobalSection(SolutionConfigurationPlatforms) = preSolution
		Debug|Any CPU = Debug|Any CPU
		Debug|x86 = Debug|x86
		Release|Any CPU = Release|Any CPU
		Release|x86 = Release|x86
	EndGlobalSection
	GlobalSection(ProjectConfigurationPlatforms) = postSolution
		{7609F453-529C-4C9D-9D0A-5389B97CFC93}.Debug|Any CPU.ActiveCfg = Debug|Any CPU
		{7609F453-529C-4C9D-9D0A-5389B97CFC93}.Debug|Any CPU.Build.0 = Debug|Any CPU
		{7609F453-529C-4C9D-9D0A-5389B97CFC93}.Debug|x86.ActiveCfg = Debug|x86
		{7609F453-529C-4C9D-9D0A-5389B97CFC93}.Debug|x86.Build.0 = Debug|x86
		{7609F453-529C-4C9D-9D0A-5389B97CFC93}.Release|Any CPU.ActiveCfg = Release|Any CPU
		{7609F453-529C-4C9D-9D0A-5389B97CFC93}.Release|Any CPU.Build.0 = Release|Any CPU
		{7609F453-529C-4C9D-9D0A-5389B97CFC93}.Release|x86.ActiveCfg = Release|x86
		{7609F453-529C-4C9D-9D0A-5389B97CFC93}.Release|x86.Build.0 = Release|x86
	EndGlobalSection
	GlobalSection(SolutionProperties) = preSolution
		HideSolutionNode = FALSE
	EndGlobalSection
	GlobalSection(ExtensibilityGlobals) = postSolution
		SolutionGuid = {05A0D140-0A3D-4396-A053-7AA27CE37D57}
	EndGlobalSection
EndGlobal
